{
  "pins" : [
    {
      "identity" : "onesignal-xcframework",
      "kind" : "remoteSourceControl",
      "location" : "https://github.com/OneSignal/OneSignal-XCFramework",
      "state" : {
        "revision" : "b2aefeaaa98002c7a37f4923eb88bd7d99d2c497",
        "version" : "5.2.5"
      }
    }
  ],
  "version" : 2
}
